// !$*UTF8*$!
{
	archiveVersion = 1;
	classes = {
	};
	objectVersion = 55;
	objects = {

/* Begin PBXBuildFile section */
		FE32723527C544A40089EAE2 /* DadJokesApp.swift in Sources */ = {isa = PBXBuildFile; fileRef = FE32723427C544A40089EAE2 /* DadJokesApp.swift */; };
		FE32723727C544A40089EAE2 /* ContentView.swift in Sources */ = {isa = PBXBuildFile; fileRef = FE32723627C544A40089EAE2 /* ContentView.swift */; };
		FE32723927C544AA0089EAE2 /* Assets.xcassets in Resources */ = {isa = PBXBuildFile; fileRef = FE32723827C544AA0089EAE2 /* Assets.xcassets */; };
		FE32723C27C544AA0089EAE2 /* Preview Assets.xcassets in Resources */ = {isa = PBXBuildFile; fileRef = FE32723B27C544AA0089EAE2 /* Preview Assets.xcassets */; };
		FE32724627C544AB0089EAE2 /* DadJokesTests.swift in Sources */ = {isa = PBXBuildFile; fileRef = FE32724527C544AB0089EAE2 /* DadJokesTests.swift */; };
		FE32725027C544AB0089EAE2 /* DadJokesUITests.swift in Sources */ = {isa = PBXBuildFile; fileRef = FE32724F27C544AB0089EAE2 /* DadJokesUITests.swift */; };
		FE32725227C544AB0089EAE2 /* DadJokesUITestsLaunchTests.swift in Sources */ = {isa = PBXBuildFile; fileRef = FE32725127C544AB0089EAE2 /* DadJokesUITestsLaunchTests.swift */; };
/* End PBXBuildFile section */

/* Begin PBXContainerItemProxy section */
		FE32724227C544AB0089EAE2 /* PBXContainerItemProxy */ = {
			isa = PBXContainerItemProxy;
			containerPortal = FE32722927C544A40089EAE2 /* Project object */;
			proxyType = 1;
			remoteGlobalIDString = FE32723027C544A40089EAE2;
			remoteInfo = DadJokes;
		};
		FE32724C27C544AB0089EAE2 /* PBXContainerItemProxy */ = {
			isa = PBXContainerItemProxy;
			containerPortal = FE32722927C544A40089EAE2 /* Project object */;
			proxyType = 1;
			remoteGlobalIDString = FE32723027C544A40089EAE2;
			remoteInfo = DadJokes;
		};
/* End PBXContainerItemProxy section */

/* Begin PBXFileReference section */
		FE32723127C544A40089EAE2 /* DadJokes.app */ = {isa = PBXFileReference; explicitFileType = wrapper.application; includeInIndex = 0; path = DadJokes.app; sourceTree = BUILT_PRODUCTS_DIR; };
		FE32723427C544A40089EAE2 /* DadJokesApp.swift */ = {isa = PBXFileReference; lastKnownFileType = sourcecode.swift; path = DadJokesApp.swift; sourceTree = "<group>"; };
		FE32723627C544A40089EAE2 /* ContentView.swift */ = {isa = PBXFileReference; lastKnownFileType = sourcecode.swift; path = ContentView.swift; sourceTree = "<group>"; };
		FE32723827C544AA0089EAE2 /* Assets.xcassets */ = {isa = PBXFileReference; lastKnownFileType = folder.assetcatalog; path = Assets.xcassets; sourceTree = "<group>"; };
		FE32723B27C544AA0089EAE2 /* Preview Assets.xcassets */ = {isa = PBXFileReference; lastKnownFileType = folder.assetcatalog; path = "Preview Assets.xcassets"; sourceTree = "<group>"; };
		FE32724127C544AB0089EAE2 /* DadJokesTests.xctest */ = {isa = PBXFileReference; explicitFileType = wrapper.cfbundle; includeInIndex = 0; path = DadJokesTests.xctest; sourceTree = BUILT_PRODUCTS_DIR; };
		FE32724527C544AB0089EAE2 /* DadJokesTests.swift */ = {isa = PBXFileReference; lastKnownFileType = sourcecode.swift; path = DadJokesTests.swift; sourceTree = "<group>"; };
		FE32724B27C544AB0089EAE2 /* DadJokesUITests.xctest */ = {isa = PBXFileReference; explicitFileType = wrapper.cfbundle; includeInIndex = 0; path = DadJokesUITests.xctest; sourceTree = BUILT_PRODUCTS_DIR; };
		FE32724F27C544AB0089EAE2 /* DadJokesUITests.swift */ = {isa = PBXFileReference; lastKnownFileType = sourcecode.swift; path = DadJokesUITests.swift; sourceTree = "<group>"; };
		FE32725127C544AB0089EAE2 /* DadJokesUITestsLaunchTests.swift */ = {isa = PBXFileReference; lastKnownFileType = sourcecode.swift; path = DadJokesUITestsLaunchTests.swift; sourceTree = "<group>"; };
/* End PBXFileReference section */

/* Begin PBXFrameworksBuildPhase section */
		FE32722E27C544A40089EAE2 /* Frameworks */ = {
			isa = PBXFrameworksBuildPhase;
			buildActionMask = 2147483647;
			files = (
			);
			runOnlyForDeploymentPostprocessing = 0;
		};
		FE32723E27C544AB0089EAE2 /* Frameworks */ = {
			isa = PBXFrameworksBuildPhase;
			buildActionMask = 2147483647;
			files = (
			);
			runOnlyForDeploymentPostprocessing = 0;
		};
		FE32724827C544AB0089EAE2 /* Frameworks */ = {
			isa = PBXFrameworksBuildPhase;
			buildActionMask = 2147483647;
			files = (
			);
			runOnlyForDeploymentPostprocessing = 0;
		};
/* End PBXFrameworksBuildPhase section */

/* Begin PBXGroup section */
		FE32722827C544A40089EAE2 = {
			isa = PBXGroup;
			children = (
				FE32723327C544A40089EAE2 /* DadJokes */,
				FE32724427C544AB0089EAE2 /* DadJokesTests */,
				FE32724E27C544AB0089EAE2 /* DadJokesUITests */,
				FE32723227C544A40089EAE2 /* Products */,
			);
			sourceTree = "<group>";
		};
		FE32723227C544A40089EAE2 /* Products */ = {
			isa = PBXGroup;
			children = (
				FE32723127C544A40089EAE2 /* DadJokes.app */,
				FE32724127C544AB0089EAE2 /* DadJokesTests.xctest */,
				FE32724B27C544AB0089EAE2 /* DadJokesUITests.xctest */,
			);
			name = Products;
			sourceTree = "<group>";
		};
		FE32723327C544A40089EAE2 /* DadJokes */ = {
			isa = PBXGroup;
			children = (
				FE32723427C544A40089EAE2 /* DadJokesApp.swift */,
				FE32723627C544A40089EAE2 /* ContentView.swift */,
				FE32723827C544AA0089EAE2 /* Assets.xcassets */,
				FE32723A27C544AA0089EAE2 /* Preview Content */,
			);
			path = DadJokes;
			sourceTree = "<group>";
		};
		FE32723A27C544AA0089EAE2 /* Preview Content */ = {
			isa = PBXGroup;
			children = (
				FE32723B27C544AA0089EAE2 /* Preview Assets.xcassets */,
			);
			path = "Preview Content";
			sourceTree = "<group>";
		};
		FE32724427C544AB0089EAE2 /* DadJokesTests */ = {
			isa = PBXGroup;
			children = (
				FE32724527C544AB0089EAE2 /* DadJokesTests.swift */,
			);
			path = DadJokesTests;
			sourceTree = "<group>";
		};
		FE32724E27C544AB0089EAE2 /* DadJokesUITests */ = {
			isa = PBXGroup;
			children = (
				FE32724F27C544AB0089EAE2 /* DadJokesUITests.swift */,
				FE32725127C544AB0089EAE2 /* DadJokesUITestsLaunchTests.swift */,
			);
			path = DadJokesUITests;
			sourceTree = "<group>";
		};
/* End PBXGroup section */

/* Begin PBXNativeTarget section */
		FE32723027C544A40089EAE2 /* DadJokes */ = {
			isa = PBXNativeTarget;
			buildConfigurationList = FE32725527C544AB0089EAE2 /* Build configuration list for PBXNativeTarget "DadJokes" */;
			buildPhases = (
				FE32722D27C544A40089EAE2 /* Sources */,
				FE32722E27C544A40089EAE2 /* Frameworks */,
				FE32722F27C544A40089EAE2 /* Resources */,
			);
			buildRules = (
			);
			dependencies = (
			);
			name = DadJokes;
			productName = DadJokes;
			productReference = FE32723127C544A40089EAE2 /* DadJokes.app */;
			productType = "com.apple.product-type.application";
		};
		FE32724027C544AB0089EAE2 /* DadJokesTests */ = {
			isa = PBXNativeTarget;
			buildConfigurationList = FE32725827C544AB0089EAE2 /* Build configuration list for PBXNativeTarget "DadJokesTests" */;
			buildPhases = (
				FE32723D27C544AB0089EAE2 /* Sources */,
				FE32723E27C544AB0089EAE2 /* Frameworks */,
				FE32723F27C544AB0089EAE2 /* Resources */,
			);
			buildRules = (
			);
			dependencies = (
				FE32724327C544AB0089EAE2 /* PBXTargetDependency */,
			);
			name = DadJokesTests;
			productName = DadJokesTests;
			productReference = FE32724127C544AB0089EAE2 /* DadJokesTests.xctest */;
			productType = "com.apple.product-type.bundle.unit-test";
		};
		FE32724A27C544AB0089EAE2 /* DadJokesUITests */ = {
			isa = PBXNativeTarget;
			buildConfigurationList = FE32725B27C544AB0089EAE2 /* Build configuration list for PBXNativeTarget "DadJokesUITests" */;
			buildPhases = (
				FE32724727C544AB0089EAE2 /* Sources */,
				FE32724827C544AB0089EAE2 /* Frameworks */,
				FE32724927C544AB0089EAE2 /* Resources */,
			);
			buildRules = (
			);
			dependencies = (
				FE32724D27C544AB0089EAE2 /* PBXTargetDependency */,
			);
			name = DadJokesUITests;
			productName = DadJokesUITests;
			productReference = FE32724B27C544AB0089EAE2 /* DadJokesUITests.xctest */;
			productType = "com.apple.product-type.bundle.ui-testing";
		};
/* End PBXNativeTarget section */

/* Begin PBXProject section */
		FE32722927C544A40089EAE2 /* Project object */ = {
			isa = PBXProject;
			attributes = {
				BuildIndependentTargetsInParallel = 1;
				LastSwiftUpdateCheck = 1320;
				LastUpgradeCheck = 1320;
				TargetAttributes = {
					FE32723027C544A40089EAE2 = {
						CreatedOnToolsVersion = 13.2.1;
					};
					FE32724027C544AB0089EAE2 = {
						CreatedOnToolsVersion = 13.2.1;
						TestTargetID = FE32723027C544A40089EAE2;
					};
					FE32724A27C544AB0089EAE2 = {
						CreatedOnToolsVersion = 13.2.1;
						TestTargetID = FE32723027C544A40089EAE2;
					};
				};
			};
			buildConfigurationList = FE32722C27C544A40089EAE2 /* Build configuration list for PBXProject "DadJokes" */;
			compatibilityVersion = "Xcode 13.0";
			developmentRegion = en;
			hasScannedForEncodings = 0;
			knownRegions = (
				en,
				Base,
			);
			mainGroup = FE32722827C544A40089EAE2;
			productRefGroup = FE32723227C544A40089EAE2 /* Products */;
			projectDirPath = "";
			projectRoot = "";
			targets = (
				FE32723027C544A40089EAE2 /* DadJokes */,
				FE32724027C544AB0089EAE2 /* DadJokesTests */,
				FE32724A27C544AB0089EAE2 /* DadJokesUITests */,
			);
		};
/* End PBXProject section */

/* Begin PBXResourcesBuildPhase section */
		FE32722F27C544A40089EAE2 /* Resources */ = {
			isa = PBXResourcesBuildPhase;
			buildActionMask = 2147483647;
			files = (
				FE32723C27C544AA0089EAE2 /* Preview Assets.xcassets in Resources */,
				FE32723927C544AA0089EAE2 /* Assets.xcassets in Resources */,
			);
			runOnlyForDeploymentPostprocessing = 0;
		};
		FE32723F27C544AB0089EAE2 /* Resources */ = {
			isa = PBXResourcesBuildPhase;
			buildActionMask = 2147483647;
			files = (
			);
			runOnlyForDeploymentPostprocessing = 0;
		};
		FE32724927C544AB0089EAE2 /* Resources */ = {
			isa = PBXResourcesBuildPhase;
			buildActionMask = 2147483647;
			files = (
			);
			runOnlyForDeploymentPostprocessing = 0;
		};
/* End PBXResourcesBuildPhase section */

/* Begin PBXSourcesBuildPhase section */
		FE32722D27C544A40089EAE2 /* Sources */ = {
			isa = PBXSourcesBuildPhase;
			buildActionMask = 2147483647;
			files = (
				FE32723727C544A40089EAE2 /* ContentView.swift in Sources */,
				FE32723527C544A40089EAE2 /* DadJokesApp.swift in Sources */,
			);
			runOnlyForDeploymentPostprocessing = 0;
		};
		FE32723D27C544AB0089EAE2 /* Sources */ = {
			isa = PBXSourcesBuildPhase;
			buildActionMask = 2147483647;
			files = (
				FE32724627C544AB0089EAE2 /* DadJokesTests.swift in Sources */,
			);
			runOnlyForDeploymentPostprocessing = 0;
		};
		FE32724727C544AB0089EAE2 /* Sources */ = {
			isa = PBXSourcesBuildPhase;
			buildActionMask = 2147483647;
			files = (
				FE32725227C544AB0089EAE2 /* DadJokesUITestsLaunchTests.swift in Sources */,
				FE32725027C544AB0089EAE2 /* DadJokesUITests.swift in Sources */,
			);
			runOnlyForDeploymentPostprocessing = 0;
		};
/* End PBXSourcesBuildPhase section */

/* Begin PBXTargetDependency section */
		FE32724327C544AB0089EAE2 /* PBXTargetDependency */ = {
			isa = PBXTargetDependency;
			target = FE32723027C544A40089EAE2 /* DadJokes */;
			targetProxy = FE32724227C544AB0089EAE2 /* PBXContainerItemProxy */;
		};
		FE32724D27C544AB0089EAE2 /* PBXTargetDependency */ = {
			isa = PBXTargetDependency;
			target = FE32723027C544A40089EAE2 /* DadJokes */;
			targetProxy = FE32724C27C544AB0089EAE2 /* PBXContainerItemProxy */;
		};
/* End PBXTargetDependency section */

/* Begin XCBuildConfiguration section */
		FE32725327C544AB0089EAE2 /* Debug */ = {
			isa = XCBuildConfiguration;
			buildSettings = {
				ALWAYS_SEARCH_USER_PATHS = NO;
				CLANG_ANALYZER_NONNULL = YES;
				CLANG_ANALYZER_NUMBER_OBJECT_CONVERSION = YES_AGGRESSIVE;
				CLANG_CXX_LANGUAGE_STANDARD = "gnu++17";
				CLANG_CXX_LIBRARY = "libc++";
				CLANG_ENABLE_MODULES = YES;
				CLANG_ENABLE_OBJC_ARC = YES;
				CLANG_ENABLE_OBJC_WEAK = YES;
				CLANG_WARN_BLOCK_CAPTURE_AUTORELEASING = YES;
				CLANG_WARN_BOOL_CONVERSION = YES;
				CLANG_WARN_COMMA = YES;
				CLANG_WARN_CONSTANT_CONVERSION = YES;
				CLANG_WARN_DEPRECATED_OBJC_IMPLEMENTATIONS = YES;
				CLANG_WARN_DIRECT_OBJC_ISA_USAGE = YES_ERROR;
				CLANG_WARN_DOCUMENTATION_COMMENTS = YES;
				CLANG_WARN_EMPTY_BODY = YES;
				CLANG_WARN_ENUM_CONVERSION = YES;
				CLANG_WARN_INFINITE_RECURSION = YES;
				CLANG_WARN_INT_CONVERSION = YES;
				CLANG_WARN_NON_LITERAL_NULL_CONVERSION = YES;
				CLANG_WARN_OBJC_IMPLICIT_RETAIN_SELF = YES;
				CLANG_WARN_OBJC_LITERAL_CONVERSION = YES;
				CLANG_WARN_OBJC_ROOT_CLASS = YES_ERROR;
				CLANG_WARN_QUOTED_INCLUDE_IN_FRAMEWORK_HEADER = YES;
				CLANG_WARN_RANGE_LOOP_ANALYSIS = YES;
				CLANG_WARN_STRICT_PROTOTYPES = YES;
				CLANG_WARN_SUSPICIOUS_MOVE = YES;
				CLANG_WARN_UNGUARDED_AVAILABILITY = YES_AGGRESSIVE;
				CLANG_WARN_UNREACHABLE_CODE = YES;
				CLANG_WARN__DUPLICATE_METHOD_MATCH = YES;
				COPY_PHASE_STRIP = NO;
				DEBUG_INFORMATION_FORMAT = dwarf;
				ENABLE_STRICT_OBJC_MSGSEND = YES;
				ENABLE_TESTABILITY = YES;
				GCC_C_LANGUAGE_STANDARD = gnu11;
				GCC_DYNAMIC_NO_PIC = NO;
				GCC_NO_COMMON_BLOCKS = YES;
				GCC_OPTIMIZATION_LEVEL = 0;
				GCC_PREPROCESSOR_DEFINITIONS = (
					"DEBUG=1",
					"$(inherited)",
				);
				GCC_WARN_64_TO_32_BIT_CONVERSION = YES;
				GCC_WARN_ABOUT_RETURN_TYPE = YES_ERROR;
				GCC_WARN_UNDECLARED_SELECTOR = YES;
				GCC_WARN_UNINITIALIZED_AUTOS = YES_AGGRESSIVE;
				GCC_WARN_UNUSED_FUNCTION = YES;
				GCC_WARN_UNUSED_VARIABLE = YES;
				IPHONEOS_DEPLOYMENT_TARGET = 15.2;
				MTL_ENABLE_DEBUG_INFO = INCLUDE_SOURCE;
				MTL_FAST_MATH = YES;
				ONLY_ACTIVE_ARCH = YES;
				SDKROOT = iphoneos;
				SWIFT_ACTIVE_COMPILATION_CONDITIONS = DEBUG;
				SWIFT_OPTIMIZATION_LEVEL = "-Onone";
			};
			name = Debug;
		};
		FE32725427C544AB0089EAE2 /* Release */ = {
			isa = XCBuildConfiguration;
			buildSettings = {
				ALWAYS_SEARCH_USER_PATHS = NO;
				CLANG_ANALYZER_NONNULL = YES;
				CLANG_ANALYZER_NUMBER_OBJECT_CONVERSION = YES_AGGRESSIVE;
				CLANG_CXX_LANGUAGE_STANDARD = "gnu++17";
				CLANG_CXX_LIBRARY = "libc++";
				CLANG_ENABLE_MODULES = YES;
				CLANG_ENABLE_OBJC_ARC = YES;
				CLANG_ENABLE_OBJC_WEAK = YES;
				CLANG_WARN_BLOCK_CAPTURE_AUTORELEASING = YES;
				CLANG_WARN_BOOL_CONVERSION = YES;
				CLANG_WARN_COMMA = YES;
				CLANG_WARN_CONSTANT_CONVERSION = YES;
				CLANG_WARN_DEPRECATED_OBJC_IMPLEMENTATIONS = YES;
				CLANG_WARN_DIRECT_OBJC_ISA_USAGE = YES_ERROR;
				CLANG_WARN_DOCUMENTATION_COMMENTS = YES;
				CLANG_WARN_EMPTY_BODY = YES;
				CLANG_WARN_ENUM_CONVERSION = YES;
				CLANG_WARN_INFINITE_RECURSION = YES;
				CLANG_WARN_INT_CONVERSION = YES;
				CLANG_WARN_NON_LITERAL_NULL_CONVERSION = YES;
				CLANG_WARN_OBJC_IMPLICIT_RETAIN_SELF = YES;
				CLANG_WARN_OBJC_LITERAL_CONVERSION = YES;
				CLANG_WARN_OBJC_ROOT_CLASS = YES_ERROR;
				CLANG_WARN_QUOTED_INCLUDE_IN_FRAMEWORK_HEADER = YES;
				CLANG_WARN_RANGE_LOOP_ANALYSIS = YES;
				CLANG_WARN_STRICT_PROTOTYPES = YES;
				CLANG_WARN_SUSPICIOUS_MOVE = YES;
				CLANG_WARN_UNGUARDED_AVAILABILITY = YES_AGGRESSIVE;
				CLANG_WARN_UNREACHABLE_CODE = YES;
				CLANG_WARN__DUPLICATE_METHOD_MATCH = YES;
				COPY_PHASE_STRIP = NO;
				DEBUG_INFORMATION_FORMAT = "dwarf-with-dsym";
				ENABLE_NS_ASSERTIONS = NO;
				ENABLE_STRICT_OBJC_MSGSEND = YES;
				GCC_C_LANGUAGE_STANDARD = gnu11;
				GCC_NO_COMMON_BLOCKS = YES;
				GCC_WARN_64_TO_32_BIT_CONVERSION = YES;
				GCC_WARN_ABOUT_RETURN_TYPE = YES_ERROR;
				GCC_WARN_UNDECLARED_SELECTOR = YES;
				GCC_WARN_UNINITIALIZED_AUTOS = YES_AGGRESSIVE;
				GCC_WARN_UNUSED_FUNCTION = YES;
				GCC_WARN_UNUSED_VARIABLE = YES;
				IPHONEOS_DEPLOYMENT_TARGET = 15.2;
				MTL_ENABLE_DEBUG_INFO = NO;
				MTL_FAST_MATH = YES;
				SDKROOT = iphoneos;
				SWIFT_COMPILATION_MODE = wholemodule;
				SWIFT_OPTIMIZATION_LEVEL = "-O";
				VALIDATE_PRODUCT = YES;
			};
			name = Release;
		};
		FE32725627C544AB0089EAE2 /* Debug */ = {
			isa = XCBuildConfiguration;
			buildSettings = {
				ASSETCATALOG_COMPILER_APPICON_NAME = AppIcon;
				ASSETCATALOG_COMPILER_GLOBAL_ACCENT_COLOR_NAME = AccentColor;
				CODE_SIGN_STYLE = Automatic;
				CURRENT_PROJECT_VERSION = 1;
				DEVELOPMENT_ASSET_PATHS = "\"DadJokes/Preview Content\"";
				DEVELOPMENT_TEAM = VQT5YPYTPZ;
				ENABLE_PREVIEWS = YES;
				GENERATE_INFOPLIST_FILE = YES;
				INFOPLIST_KEY_UIApplicationSceneManifest_Generation = YES;
				INFOPLIST_KEY_UIApplicationSupportsIndirectInputEvents = YES;
				INFOPLIST_KEY_UILaunchScreen_Generation = YES;
				INFOPLIST_KEY_UISupportedInterfaceOrientations_iPad = "UIInterfaceOrientationPortrait UIInterfaceOrientationPortraitUpsideDown UIInterfaceOrientationLandscapeLeft UIInterfaceOrientationLandscapeRight";
				INFOPLIST_KEY_UISupportedInterfaceOrientations_iPhone = "UIInterfaceOrientationPortrait UIInterfaceOrientationLandscapeLeft UIInterfaceOrientationLandscapeRight";
				LD_RUNPATH_SEARCH_PATHS = (
					"$(inherited)",
					"@executable_path/Frameworks",
				);
				MARKETING_VERSION = 1.0;
				PRODUCT_BUNDLE_IDENTIFIER = ca.on.lcs.DadJokes;
				PRODUCT_NAME = "$(TARGET_NAME)";
				SWIFT_EMIT_LOC_STRINGS = YES;
				SWIFT_VERSION = 5.0;
				TARGETED_DEVICE_FAMILY = "1,2";
			};
			name = Debug;
		};
		FE32725727C544AB0089EAE2 /* Release */ = {
			isa = XCBuildConfiguration;
			buildSettings = {
				ASSETCATALOG_COMPILER_APPICON_NAME = AppIcon;
				ASSETCATALOG_COMPILER_GLOBAL_ACCENT_COLOR_NAME = AccentColor;
				CODE_SIGN_STYLE = Automatic;
				CURRENT_PROJECT_VERSION = 1;
				DEVELOPMENT_ASSET_PATHS = "\"DadJokes/Preview Content\"";
				DEVELOPMENT_TEAM = VQT5YPYTPZ;
				ENABLE_PREVIEWS = YES;
				GENERATE_INFOPLIST_FILE = YES;
				INFOPLIST_KEY_UIApplicationSceneManifest_Generation = YES;
				INFOPLIST_KEY_UIApplicationSupportsIndirectInputEvents = YES;
				INFOPLIST_KEY_UILaunchScreen_Generation = YES;
				INFOPLIST_KEY_UISupportedInterfaceOrientations_iPad = "UIInterfaceOrientationPortrait UIInterfaceOrientationPortraitUpsideDown UIInterfaceOrientationLandscapeLeft UIInterfaceOrientationLandscapeRight";
				INFOPLIST_KEY_UISupportedInterfaceOrientations_iPhone = "UIInterfaceOrientationPortrait UIInterfaceOrientationLandscapeLeft UIInterfaceOrientationLandscapeRight";
				LD_RUNPATH_SEARCH_PATHS = (
					"$(inherited)",
					"@executable_path/Frameworks",
				);
				MARKETING_VERSION = 1.0;
				PRODUCT_BUNDLE_IDENTIFIER = ca.on.lcs.DadJokes;
				PRODUCT_NAME = "$(TARGET_NAME)";
				SWIFT_EMIT_LOC_STRINGS = YES;
				SWIFT_VERSION = 5.0;
				TARGETED_DEVICE_FAMILY = "1,2";
			};
			name = Release;
		};
		FE32725927C544AB0089EAE2 /* Debug */ = {
			isa = XCBuildConfiguration;
			buildSettings = {
				ALWAYS_EMBED_SWIFT_STANDARD_LIBRARIES = YES;
				BUNDLE_LOADER = "$(TEST_HOST)";
				CODE_SIGN_STYLE = Automatic;
				CURRENT_PROJECT_VERSION = 1;
				DEVELOPMENT_TEAM = VQT5YPYTPZ;
				GENERATE_INFOPLIST_FILE = YES;
				IPHONEOS_DEPLOYMENT_TARGET = 15.2;
				MARKETING_VERSION = 1.0;
				PRODUCT_BUNDLE_IDENTIFIER = ca.on.lcs.DadJokesTests;
				PRODUCT_NAME = "$(TARGET_NAME)";
				SWIFT_EMIT_LOC_STRINGS = NO;
				SWIFT_VERSION = 5.0;
				TARGETED_DEVICE_FAMILY = "1,2";
				TEST_HOST = "$(BUILT_PRODUCTS_DIR)/DadJokes.app/DadJokes";
			};
			name = Debug;
		};
		FE32725A27C544AB0089EAE2 /* Release */ = {
			isa = XCBuildConfiguration;
			buildSettings = {
				ALWAYS_EMBED_SWIFT_STANDARD_LIBRARIES = YES;
				BUNDLE_LOADER = "$(TEST_HOST)";
				CODE_SIGN_STYLE = Automatic;
				CURRENT_PROJECT_VERSION = 1;
				DEVELOPMENT_TEAM = VQT5YPYTPZ;
				GENERATE_INFOPLIST_FILE = YES;
				IPHONEOS_DEPLOYMENT_TARGET = 15.2;
				MARKETING_VERSION = 1.0;
				PRODUCT_BUNDLE_IDENTIFIER = ca.on.lcs.DadJokesTests;
				PRODUCT_NAME = "$(TARGET_NAME)";
				SWIFT_EMIT_LOC_STRINGS = NO;
				SWIFT_VERSION = 5.0;
				TARGETED_DEVICE_FAMILY = "1,2";
				TEST_HOST = "$(BUILT_PRODUCTS_DIR)/DadJokes.app/DadJokes";
			};
			name = Release;
		};
		FE32725C27C544AB0089EAE2 /* Debug */ = {
			isa = XCBuildConfiguration;
			buildSettings = {
				ALWAYS_EMBED_SWIFT_STANDARD_LIBRARIES = YES;
				CODE_SIGN_STYLE = Automatic;
				CURRENT_PROJECT_VERSION = 1;
				DEVELOPMENT_TEAM = VQT5YPYTPZ;
				GENERATE_INFOPLIST_FILE = YES;
				MARKETING_VERSION = 1.0;
				PRODUCT_BUNDLE_IDENTIFIER = ca.on.lcs.DadJokesUITests;
				PRODUCT_NAME = "$(TARGET_NAME)";
				SWIFT_EMIT_LOC_STRINGS = NO;
				SWIFT_VERSION = 5.0;
				TARGETED_DEVICE_FAMILY = "1,2";
				TEST_TARGET_NAME = DadJokes;
			};
			name = Debug;
		};
		FE32725D27C544AB0089EAE2 /* Release */ = {
			isa = XCBuildConfiguration;
			buildSettings = {
				ALWAYS_EMBED_SWIFT_STANDARD_LIBRARIES = YES;
				CODE_SIGN_STYLE = Automatic;
				CURRENT_PROJECT_VERSION = 1;
				DEVELOPMENT_TEAM = VQT5YPYTPZ;
				GENERATE_INFOPLIST_FILE = YES;
				MARKETING_VERSION = 1.0;
				PRODUCT_BUNDLE_IDENTIFIER = ca.on.lcs.DadJokesUITests;
				PRODUCT_NAME = "$(TARGET_NAME)";
				SWIFT_EMIT_LOC_STRINGS = NO;
				SWIFT_VERSION = 5.0;
				TARGETED_DEVICE_FAMILY = "1,2";
				TEST_TARGET_NAME = DadJokes;
			};
			name = Release;
		};
/* End XCBuildConfiguration section */

/* Begin XCConfigurationList section */
		FE32722C27C544A40089EAE2 /* Build configuration list for PBXProject "DadJokes" */ = {
			isa = XCConfigurationList;
			buildConfigurations = (
				FE32725327C544AB0089EAE2 /* Debug */,
				FE32725427C544AB0089EAE2 /* Release */,
			);
			defaultConfigurationIsVisible = 0;
			defaultConfigurationName = Release;
		};
		FE32725527C544AB0089EAE2 /* Build configuration list for PBXNativeTarget "DadJokes" */ = {
			isa = XCConfigurationList;
			buildConfigurations = (
				FE32725627C544AB0089EAE2 /* Debug */,
				FE32725727C544AB0089EAE2 /* Release */,
			);
			defaultConfigurationIsVisible = 0;
			defaultConfigurationName = Release;
		};
		FE32725827C544AB0089EAE2 /* Build configuration list for PBXNativeTarget "DadJokesTests" */ = {
			isa = XCConfigurationList;
			buildConfigurations = (
				FE32725927C544AB0089EAE2 /* Debug */,
				FE32725A27C544AB0089EAE2 /* Release */,
			);
			defaultConfigurationIsVisible = 0;
			defaultConfigurationName = Release;
		};
		FE32725B27C544AB0089EAE2 /* Build configuration list for PBXNativeTarget "DadJokesUITests" */ = {
			isa = XCConfigurationList;
			buildConfigurations = (
				FE32725C27C544AB0089EAE2 /* Debug */,
				FE32725D27C544AB0089EAE2 /* Release */,
			);
			defaultConfigurationIsVisible = 0;
			defaultConfigurationName = Release;
		};
/* End XCConfigurationList section */
	};
	rootObject = FE32722927C544A40089EAE2 /* Project object */;
}
